{
  "object": {
    "pins": [
      {
        "package": "async-http-client",
        "repositoryURL": "https://github.com/swift-server/async-http-client.git",
        "state": {
          "branch": null,
          "revision": "8e4d51908dd49272667126403bf977c5c503f78f",
          "version": "1.5.0"
        }
      },
      {
        "package": "BetterSafariView",
        "repositoryURL": "https://github.com/stleamist/BetterSafariView.git",
        "state": {
          "branch": "main",
          "revision": "7046fd1122bc91c2fd8d65aec4a5154f18dbf201",
          "version": null
        }
      },
      {
        "package": "EFQRCode",
        "repositoryURL": "https://github.com/EFPrefix/EFQRCode.git",
        "state": {
          "branch": null,
          "revision": "4a72d79f9cae6d2f189f768178cc8594b427c190",
          "version": "6.1.0"
        }
      },
      {
        "package": "KeychainAccess",
        "repositoryURL": "https://github.com/kishikawakatsumi/KeychainAccess.git",
        "state": {
          "branch": null,
          "revision": "84e546727d66f1adc5439debad16270d0fdd04e7",
          "version": "4.2.2"
        }
      },
      {
        "package": "swift-log",
        "repositoryURL": "https://github.com/apple/swift-log.git",
        "state": {
          "branch": null,
          "revision": "5d66f7ba25daf4f94100e7022febf3c75e37a6c7",
          "version": "1.4.2"
        }
      },
      {
        "package": "swift-nio",
        "repositoryURL": "https://github.com/apple/swift-nio.git",
        "state": {
          "branch": null,
          "revision": "d79e33308b0ac83326b0ead0ea6446e604b8162d",
          "version": "2.30.0"
        }
      },
      {
        "package": "swift-nio-extras",
        "repositoryURL": "https://github.com/apple/swift-nio-extras.git",
        "state": {
          "branch": null,
          "revision": "f72c4688f89c28502105509186eadc49a49cb922",
          "version": "1.10.0"
        }
      },
      {
        "package": "swift-nio-ssl",
        "repositoryURL": "https://github.com/apple/swift-nio-ssl.git",
        "state": {
          "branch": null,
          "revision": "9db7cee4b62c39160a6bd513a47a1ecdcceac18a",
          "version": "2.14.0"
        }
      },
      {
        "package": "swift-nio-transport-services",
        "repositoryURL": "https://github.com/apple/swift-nio-transport-services.git",
        "state": {
          "branch": null,
          "revision": "39587bceccda72780e2a8a8c5e857e42a9df2fa8",
          "version": "1.11.0"
        }
      },
      {
        "package": "swift_qrcodejs",
        "repositoryURL": "https://github.com/ApolloZhu/swift_qrcodejs.git",
        "state": {
          "branch": null,
          "revision": "374dc7f7b9e76c6aeb393f6a84590c6d387e1ecb",
          "version": "2.2.2"
        }
      }
    ]
  },
  "version": 1
}
